
Microsoft Visual Studio Solution File, Format Version 12.00
# Visual Studio Version 16
VisualStudioVersion = 16.0.30406.217
MinimumVisualStudioVersion = 10.0.40219.1
Project("{FAE04EC0-301F-11D3-BF4B-00C04F79EFBC}") = "Loader", "Loader\Loader.csproj", "{C2D79235-22AA-4A9C-AD79-45C06A88D647}"
EndProject
Global
	GlobalSection(SolutionConfigurationPlatforms) = preSolution
		Debug|Any CPU = Debug|Any CPU
		Release|Any CPU = Release|Any CPU
	EndGlobalSection
	GlobalSection(ProjectConfigurationPlatforms) = postSolution
		{C2D79235-22AA-4A9C-AD79-45C06A88D647}.Debug|Any CPU.ActiveCfg = Debug|Any CPU
		{C2D79235-22AA-4A9C-AD79-45C06A88D647}.Debug|Any CPU.Build.0 = Debug|Any CPU
		{C2D79235-22AA-4A9C-AD79-45C06A88D647}.Release|Any CPU.ActiveCfg = Release|Any CPU
		{C2D79235-22AA-4A9C-AD79-45C06A88D647}.Release|Any CPU.Build.0 = Release|Any CPU
	EndGlobalSection
	GlobalSection(SolutionProperties) = preSolution
		HideSolutionNode = FALSE
	EndGlobalSection
	GlobalSection(ExtensibilityGlobals) = postSolution
		SolutionGuid = {6BD9C2CA-CE5B-4B95-9B65-9F2FFD18968A}
	EndGlobalSection
EndGlobal
